
Microsoft Visual Studio Solution File, Format Version 12.00
# Visual Studio Version 17
VisualStudioVersion = 17.0.31903.59
MinimumVisualStudioVersion = 10.0.40219.1
Project("{9A19103F-16F7-4668-BE54-9A1E7A4F7556}") = "PanoramicData.Blazor.Web", "PanoramicData.Blazor.Web\PanoramicData.Blazor.Web.csproj", "{75E9BCBA-6516-401D-987C-6F628CECBEB6}"
EndProject
Project("{2150E333-8FDC-42A3-9474-1A3956D46DE8}") = "Solution Items", "Solution Items", "{D3737FCC-0546-4199-8D0A-4B670EAAA2D4}"
	ProjectSection(SolutionItems) = preProject
		.editorconfig = .editorconfig
		exclusion.dic = exclusion.dic
		global.json = global.json
		.github\workflows\main.yml = .github\workflows\main.yml
		PanoramicData.Blazor\publish-nuget.ps1 = PanoramicData.Blazor\publish-nuget.ps1
		README.md = README.md
		version.json = version.json
	EndProjectSection
EndProject
Project("{9A19103F-16F7-4668-BE54-9A1E7A4F7556}") = "PanoramicData.Blazor", "PanoramicData.Blazor\PanoramicData.Blazor.csproj", "{734CFADF-2F52-4DA6-8095-5A6913A06484}"
EndProject
Project("{9A19103F-16F7-4668-BE54-9A1E7A4F7556}") = "PanoramicData.Blazor.WebAssembly.Server", "PanoramicData.Blazor.WebAssembly\Server\PanoramicData.Blazor.WebAssembly.Server.csproj", "{20F6C8A5-9301-474B-9A96-7FEF8026D047}"
EndProject
Project("{9A19103F-16F7-4668-BE54-9A1E7A4F7556}") = "PanoramicData.Blazor.WebAssembly.Client", "PanoramicData.Blazor.WebAssembly\Client\PanoramicData.Blazor.WebAssembly.Client.csproj", "{BD2D8FA4-8B10-4044-B74B-9762F0D1BA85}"
EndProject
Project("{9A19103F-16F7-4668-BE54-9A1E7A4F7556}") = "PanoramicData.Blazor.Demo", "PanoramicData.Blazor.Demo\PanoramicData.Blazor.Demo.csproj", "{79EFD321-30E7-44A4-B218-26EEBDD1E5AE}"
EndProject
Global
	GlobalSection(SolutionConfigurationPlatforms) = preSolution
		Debug|Any CPU = Debug|Any CPU
		Release|Any CPU = Release|Any CPU
	EndGlobalSection
	GlobalSection(ProjectConfigurationPlatforms) = postSolution
		{75E9BCBA-6516-401D-987C-6F628CECBEB6}.Debug|Any CPU.ActiveCfg = Debug|Any CPU
		{75E9BCBA-6516-401D-987C-6F628CECBEB6}.Debug|Any CPU.Build.0 = Debug|Any CPU
		{75E9BCBA-6516-401D-987C-6F628CECBEB6}.Release|Any CPU.ActiveCfg = Release|Any CPU
		{75E9BCBA-6516-401D-987C-6F628CECBEB6}.Release|Any CPU.Build.0 = Release|Any CPU
		{734CFADF-2F52-4DA6-8095-5A6913A06484}.Debug|Any CPU.ActiveCfg = Debug|Any CPU
		{734CFADF-2F52-4DA6-8095-5A6913A06484}.Debug|Any CPU.Build.0 = Debug|Any CPU
		{734CFADF-2F52-4DA6-8095-5A6913A06484}.Release|Any CPU.ActiveCfg = Release|Any CPU
		{734CFADF-2F52-4DA6-8095-5A6913A06484}.Release|Any CPU.Build.0 = Release|Any CPU
		{20F6C8A5-9301-474B-9A96-7FEF8026D047}.Debug|Any CPU.ActiveCfg = Debug|Any CPU
		{20F6C8A5-9301-474B-9A96-7FEF8026D047}.Debug|Any CPU.Build.0 = Debug|Any CPU
		{20F6C8A5-9301-474B-9A96-7FEF8026D047}.Release|Any CPU.ActiveCfg = Release|Any CPU
		{20F6C8A5-9301-474B-9A96-7FEF8026D047}.Release|Any CPU.Build.0 = Release|Any CPU
		{BD2D8FA4-8B10-4044-B74B-9762F0D1BA85}.Debug|Any CPU.ActiveCfg = Debug|Any CPU
		{BD2D8FA4-8B10-4044-B74B-9762F0D1BA85}.Debug|Any CPU.Build.0 = Debug|Any CPU
		{BD2D8FA4-8B10-4044-B74B-9762F0D1BA85}.Release|Any CPU.ActiveCfg = Release|Any CPU
		{BD2D8FA4-8B10-4044-B74B-9762F0D1BA85}.Release|Any CPU.Build.0 = Release|Any CPU
		{79EFD321-30E7-44A4-B218-26EEBDD1E5AE}.Debug|Any CPU.ActiveCfg = Debug|Any CPU
		{79EFD321-30E7-44A4-B218-26EEBDD1E5AE}.Debug|Any CPU.Build.0 = Debug|Any CPU
		{79EFD321-30E7-44A4-B218-26EEBDD1E5AE}.Release|Any CPU.ActiveCfg = Release|Any CPU
		{79EFD321-30E7-44A4-B218-26EEBDD1E5AE}.Release|Any CPU.Build.0 = Release|Any CPU
	EndGlobalSection
	GlobalSection(SolutionProperties) = preSolution
		HideSolutionNode = FALSE
	EndGlobalSection
	GlobalSection(ExtensibilityGlobals) = postSolution
		SolutionGuid = {2A3A07BD-56AF-43A3-8A29-CE7D274AAB59}
	EndGlobalSection
EndGlobal
